
Microsoft Visual Studio Solution File, Format Version 12.00
# Visual Studio Version 16
VisualStudioVersion = 16.0.30621.155
MinimumVisualStudioVersion = 10.0.40219.1
Project("{2150E333-8FDC-42A3-9474-1A3956D46DE8}") = "01. clients", "01. clients", "{86438153-E86B-4282-A363-C30D026559B4}"
EndProject
Project("{2150E333-8FDC-42A3-9474-1A3956D46DE8}") = "02. Api.Gateways", "02. Api.Gateways", "{E7F5262D-614F-423A-B9DB-E4C43B72C34D}"
EndProject
Project("{2150E333-8FDC-42A3-9474-1A3956D46DE8}") = "03. Services", "03. Services", "{F1CABA6A-6369-4C45-9D5D-DBBDC95C9D92}"
EndProject
Project("{2150E333-8FDC-42A3-9474-1A3956D46DE8}") = "01. Identity", "01. Identity", "{8DD2FC96-C75A-48D7-8970-89059EDAFB5B}"
EndProject
Project("{2150E333-8FDC-42A3-9474-1A3956D46DE8}") = "02. Catalog", "02. Catalog", "{6A59F5BC-8DEB-4A34-AC11-931757216391}"
EndProject
Project("{2150E333-8FDC-42A3-9474-1A3956D46DE8}") = "03. Customer", "03. Customer", "{10B06B6A-C0CC-4988-AC52-CCA517B188E3}"
EndProject
Project("{2150E333-8FDC-42A3-9474-1A3956D46DE8}") = "04. Order", "04. Order", "{F3DF443D-313A-4DEB-833F-4879B3AE26F3}"
EndProject
Project("{9A19103F-16F7-4668-BE54-9A1E7A4F7556}") = "Catalog.Api", "src\Services\Catalog\Catalog.Api\Catalog.Api.csproj", "{613615F4-BBAA-4166-B55F-F8CEFE02A60D}"
EndProject
Project("{2150E333-8FDC-42A3-9474-1A3956D46DE8}") = "01.Api", "01.Api", "{0A258F00-8784-4BFF-9C68-840137C0DFAF}"
EndProject
Project("{2150E333-8FDC-42A3-9474-1A3956D46DE8}") = "02.Services", "02.Services", "{FB262A38-88E8-4E01-94E2-6480EDC278B7}"
EndProject
Project("{2150E333-8FDC-42A3-9474-1A3956D46DE8}") = "03. Persistence", "03. Persistence", "{376D682F-5037-4FE0-8404-674F35A2A9CE}"
EndProject
Project("{9A19103F-16F7-4668-BE54-9A1E7A4F7556}") = "Catalog.Persistence.Database", "src\Services\Catalog\Catalog.Persistence.Database\Catalog.Persistence.Database.csproj", "{8C1B1370-806E-4E04-9506-6ADEA221276A}"
EndProject
Project("{2150E333-8FDC-42A3-9474-1A3956D46DE8}") = "04. Models", "04. Models", "{3CD5708B-C5C7-4F07-8A80-C4289D6F7CF0}"
EndProject
Project("{9A19103F-16F7-4668-BE54-9A1E7A4F7556}") = "Catalog.Domain", "src\Services\Catalog\Catalog.Domain\Catalog.Domain.csproj", "{A5FBD281-9D15-4C13-A93E-316EFD108EBE}"
EndProject
Project("{FAE04EC0-301F-11D3-BF4B-00C04F79EFBC}") = "Catalog.Service.Queries", "src\Services\Catalog\Catalog.Service.Queries\Catalog.Service.Queries.csproj", "{80DABD53-DAEF-4270-9904-DE5867EBE303}"
EndProject
Project("{2150E333-8FDC-42A3-9474-1A3956D46DE8}") = "Common", "Common", "{857AD959-7501-4F9C-AD76-2C73F9FEF623}"
EndProject
Project("{FAE04EC0-301F-11D3-BF4B-00C04F79EFBC}") = "Service.Common.Collection", "src\Services\Service.Common.Collection\Service.Common.Collection.csproj", "{652CA289-F0B7-4A9A-92F9-ECB1225E197E}"
EndProject
Project("{FAE04EC0-301F-11D3-BF4B-00C04F79EFBC}") = "Service.Common.Mapping", "src\Services\Service.Common.Mapping\Service.Common.Mapping.csproj", "{4DBEC558-76F9-4FE0-B293-FF6A0E1B7FD7}"
EndProject
Project("{FAE04EC0-301F-11D3-BF4B-00C04F79EFBC}") = "Service.Common.Paging", "src\Services\Service.Common.Paging\Service.Common.Paging.csproj", "{AD1F6ED1-5963-4476-B1C2-FD91ED5F501F}"
EndProject
Global
	GlobalSection(SolutionConfigurationPlatforms) = preSolution
		Debug|Any CPU = Debug|Any CPU
		Release|Any CPU = Release|Any CPU
	EndGlobalSection
	GlobalSection(ProjectConfigurationPlatforms) = postSolution
		{613615F4-BBAA-4166-B55F-F8CEFE02A60D}.Debug|Any CPU.ActiveCfg = Debug|Any CPU
		{613615F4-BBAA-4166-B55F-F8CEFE02A60D}.Debug|Any CPU.Build.0 = Debug|Any CPU
		{613615F4-BBAA-4166-B55F-F8CEFE02A60D}.Release|Any CPU.ActiveCfg = Release|Any CPU
		{613615F4-BBAA-4166-B55F-F8CEFE02A60D}.Release|Any CPU.Build.0 = Release|Any CPU
		{8C1B1370-806E-4E04-9506-6ADEA221276A}.Debug|Any CPU.ActiveCfg = Debug|Any CPU
		{8C1B1370-806E-4E04-9506-6ADEA221276A}.Debug|Any CPU.Build.0 = Debug|Any CPU
		{8C1B1370-806E-4E04-9506-6ADEA221276A}.Release|Any CPU.ActiveCfg = Release|Any CPU
		{8C1B1370-806E-4E04-9506-6ADEA221276A}.Release|Any CPU.Build.0 = Release|Any CPU
		{A5FBD281-9D15-4C13-A93E-316EFD108EBE}.Debug|Any CPU.ActiveCfg = Debug|Any CPU
		{A5FBD281-9D15-4C13-A93E-316EFD108EBE}.Debug|Any CPU.Build.0 = Debug|Any CPU
		{A5FBD281-9D15-4C13-A93E-316EFD108EBE}.Release|Any CPU.ActiveCfg = Release|Any CPU
		{A5FBD281-9D15-4C13-A93E-316EFD108EBE}.Release|Any CPU.Build.0 = Release|Any CPU
		{80DABD53-DAEF-4270-9904-DE5867EBE303}.Debug|Any CPU.ActiveCfg = Debug|Any CPU
		{80DABD53-DAEF-4270-9904-DE5867EBE303}.Debug|Any CPU.Build.0 = Debug|Any CPU
		{80DABD53-DAEF-4270-9904-DE5867EBE303}.Release|Any CPU.ActiveCfg = Release|Any CPU
		{80DABD53-DAEF-4270-9904-DE5867EBE303}.Release|Any CPU.Build.0 = Release|Any CPU
		{652CA289-F0B7-4A9A-92F9-ECB1225E197E}.Debug|Any CPU.ActiveCfg = Debug|Any CPU
		{652CA289-F0B7-4A9A-92F9-ECB1225E197E}.Debug|Any CPU.Build.0 = Debug|Any CPU
		{652CA289-F0B7-4A9A-92F9-ECB1225E197E}.Release|Any CPU.ActiveCfg = Release|Any CPU
		{652CA289-F0B7-4A9A-92F9-ECB1225E197E}.Release|Any CPU.Build.0 = Release|Any CPU
		{4DBEC558-76F9-4FE0-B293-FF6A0E1B7FD7}.Debug|Any CPU.ActiveCfg = Debug|Any CPU
		{4DBEC558-76F9-4FE0-B293-FF6A0E1B7FD7}.Debug|Any CPU.Build.0 = Debug|Any CPU
		{4DBEC558-76F9-4FE0-B293-FF6A0E1B7FD7}.Release|Any CPU.ActiveCfg = Release|Any CPU
		{4DBEC558-76F9-4FE0-B293-FF6A0E1B7FD7}.Release|Any CPU.Build.0 = Release|Any CPU
		{AD1F6ED1-5963-4476-B1C2-FD91ED5F501F}.Debug|Any CPU.ActiveCfg = Debug|Any CPU
		{AD1F6ED1-5963-4476-B1C2-FD91ED5F501F}.Debug|Any CPU.Build.0 = Debug|Any CPU
		{AD1F6ED1-5963-4476-B1C2-FD91ED5F501F}.Release|Any CPU.ActiveCfg = Release|Any CPU
		{AD1F6ED1-5963-4476-B1C2-FD91ED5F501F}.Release|Any CPU.Build.0 = Release|Any CPU
	EndGlobalSection
	GlobalSection(SolutionProperties) = preSolution
		HideSolutionNode = FALSE
	EndGlobalSection
	GlobalSection(NestedProjects) = preSolution
		{8DD2FC96-C75A-48D7-8970-89059EDAFB5B} = {F1CABA6A-6369-4C45-9D5D-DBBDC95C9D92}
		{6A59F5BC-8DEB-4A34-AC11-931757216391} = {F1CABA6A-6369-4C45-9D5D-DBBDC95C9D92}
		{10B06B6A-C0CC-4988-AC52-CCA517B188E3} = {F1CABA6A-6369-4C45-9D5D-DBBDC95C9D92}
		{F3DF443D-313A-4DEB-833F-4879B3AE26F3} = {F1CABA6A-6369-4C45-9D5D-DBBDC95C9D92}
		{613615F4-BBAA-4166-B55F-F8CEFE02A60D} = {0A258F00-8784-4BFF-9C68-840137C0DFAF}
		{0A258F00-8784-4BFF-9C68-840137C0DFAF} = {6A59F5BC-8DEB-4A34-AC11-931757216391}
		{FB262A38-88E8-4E01-94E2-6480EDC278B7} = {6A59F5BC-8DEB-4A34-AC11-931757216391}
		{376D682F-5037-4FE0-8404-674F35A2A9CE} = {6A59F5BC-8DEB-4A34-AC11-931757216391}
		{8C1B1370-806E-4E04-9506-6ADEA221276A} = {376D682F-5037-4FE0-8404-674F35A2A9CE}
		{3CD5708B-C5C7-4F07-8A80-C4289D6F7CF0} = {6A59F5BC-8DEB-4A34-AC11-931757216391}
		{A5FBD281-9D15-4C13-A93E-316EFD108EBE} = {3CD5708B-C5C7-4F07-8A80-C4289D6F7CF0}
		{80DABD53-DAEF-4270-9904-DE5867EBE303} = {FB262A38-88E8-4E01-94E2-6480EDC278B7}
		{857AD959-7501-4F9C-AD76-2C73F9FEF623} = {F1CABA6A-6369-4C45-9D5D-DBBDC95C9D92}
		{652CA289-F0B7-4A9A-92F9-ECB1225E197E} = {857AD959-7501-4F9C-AD76-2C73F9FEF623}
		{4DBEC558-76F9-4FE0-B293-FF6A0E1B7FD7} = {857AD959-7501-4F9C-AD76-2C73F9FEF623}
		{AD1F6ED1-5963-4476-B1C2-FD91ED5F501F} = {857AD959-7501-4F9C-AD76-2C73F9FEF623}
	EndGlobalSection
	GlobalSection(ExtensibilityGlobals) = postSolution
		SolutionGuid = {4C6BF38C-2911-47A3-A4F3-FE4DD911843E}
	EndGlobalSection
EndGlobal
